
Microsoft Visual Studio Solution File, Format Version 12.00
# Visual Studio Version 17
VisualStudioVersion = 17.0.32112.339
MinimumVisualStudioVersion = 10.0.40219.1
Project("{9A19103F-16F7-4668-BE54-9A1E7A4F7556}") = "HelloWorld", "HelloWorld\HelloWorld.csproj", "{905A083E-BBA0-4084-9B74-D7BDECF9FCCA}"
EndProject
Project("{9A19103F-16F7-4668-BE54-9A1E7A4F7556}") = "HelloWorldTests", "HelloWorldTests\HelloWorldTests.csproj", "{F1A20DBC-3B2E-450D-B770-C4F6A3B22231}"
EndProject
Project("{2150E333-8FDC-42A3-9474-1A3956D46DE8}") = "Solution Items", "Solution Items", "{B1469840-530F-44E8-9E9A-B5F40DE9E112}"
	ProjectSection(SolutionItems) = preProject
		.gitignore = .gitignore
	EndProjectSection
EndProject
Global
	GlobalSection(SolutionConfigurationPlatforms) = preSolution
		Debug|Any CPU = Debug|Any CPU
		Release|Any CPU = Release|Any CPU
	EndGlobalSection
	GlobalSection(ProjectConfigurationPlatforms) = postSolution
		{905A083E-BBA0-4084-9B74-D7BDECF9FCCA}.Debug|Any CPU.ActiveCfg = Debug|Any CPU
		{905A083E-BBA0-4084-9B74-D7BDECF9FCCA}.Debug|Any CPU.Build.0 = Debug|Any CPU
		{905A083E-BBA0-4084-9B74-D7BDECF9FCCA}.Release|Any CPU.ActiveCfg = Release|Any CPU
		{905A083E-BBA0-4084-9B74-D7BDECF9FCCA}.Release|Any CPU.Build.0 = Release|Any CPU
		{F1A20DBC-3B2E-450D-B770-C4F6A3B22231}.Debug|Any CPU.ActiveCfg = Debug|Any CPU
		{F1A20DBC-3B2E-450D-B770-C4F6A3B22231}.Debug|Any CPU.Build.0 = Debug|Any CPU
		{F1A20DBC-3B2E-450D-B770-C4F6A3B22231}.Release|Any CPU.ActiveCfg = Release|Any CPU
		{F1A20DBC-3B2E-450D-B770-C4F6A3B22231}.Release|Any CPU.Build.0 = Release|Any CPU
	EndGlobalSection
	GlobalSection(SolutionProperties) = preSolution
		HideSolutionNode = FALSE
	EndGlobalSection
	GlobalSection(ExtensibilityGlobals) = postSolution
		SolutionGuid = {22FD038B-9379-4A43-B791-27292E4FC62A}
	EndGlobalSection
EndGlobal
